
Microsoft Visual Studio Solution File, Format Version 12.00
# Visual Studio Version 17
VisualStudioVersion = 17.14.36717.8
MinimumVisualStudioVersion = 10.0.40219.1
Project("{FAE04EC0-301F-11D3-BF4B-00C04F79EFBC}") = "Zaczy.SongBook", "Zaczy.SongBook\Zaczy.SongBook.csproj", "{308ABBA4-3110-49F8-B8EA-C4067C47AFC8}"
EndProject
Project("{FAE04EC0-301F-11D3-BF4B-00C04F79EFBC}") = "Zaczy.SongBook.Tests", "Zaczy.SongBook.Tests\Zaczy.SongBook.Tests.csproj", "{2965596C-F2AB-488C-B6F0-1E286843E1E4}"
EndProject
Project("{FAE04EC0-301F-11D3-BF4B-00C04F79EFBC}") = "Zaczy.SongBook.WPF", "Zaczy.SongBook.WPF\Zaczy.SongBook.WPF.csproj", "{D429D106-7DD0-4F2E-B20F-B1ACAB64D157}"
EndProject
Project("{FAE04EC0-301F-11D3-BF4B-00C04F79EFBC}") = "Zaczy.SongBook.MAUI", "Zaczy.SongBook.MAUI\Zaczy.SongBook.MAUI.csproj", "{59751838-9841-461F-B951-083346D9C22E}"
EndProject
Project("{FAE04EC0-301F-11D3-BF4B-00C04F79EFBC}") = "Zaczy.SpotifyBinding", "Zaczy.SpotifyBinding\Zaczy.SpotifyBinding.csproj", "{EBFF59CC-E8ED-45E8-A639-5D4A3FC86DC9}"
EndProject
Global
	GlobalSection(SolutionConfigurationPlatforms) = preSolution
		Debug|Any CPU = Debug|Any CPU
		Release|Any CPU = Release|Any CPU
	EndGlobalSection
	GlobalSection(ProjectConfigurationPlatforms) = postSolution
		{308ABBA4-3110-49F8-B8EA-C4067C47AFC8}.Debug|Any CPU.ActiveCfg = Debug|Any CPU
		{308ABBA4-3110-49F8-B8EA-C4067C47AFC8}.Debug|Any CPU.Build.0 = Debug|Any CPU
		{308ABBA4-3110-49F8-B8EA-C4067C47AFC8}.Release|Any CPU.ActiveCfg = Release|Any CPU
		{308ABBA4-3110-49F8-B8EA-C4067C47AFC8}.Release|Any CPU.Build.0 = Release|Any CPU
		{2965596C-F2AB-488C-B6F0-1E286843E1E4}.Debug|Any CPU.ActiveCfg = Debug|Any CPU
		{2965596C-F2AB-488C-B6F0-1E286843E1E4}.Debug|Any CPU.Build.0 = Debug|Any CPU
		{2965596C-F2AB-488C-B6F0-1E286843E1E4}.Release|Any CPU.ActiveCfg = Release|Any CPU
		{2965596C-F2AB-488C-B6F0-1E286843E1E4}.Release|Any CPU.Build.0 = Release|Any CPU
		{D429D106-7DD0-4F2E-B20F-B1ACAB64D157}.Debug|Any CPU.ActiveCfg = Debug|Any CPU
		{D429D106-7DD0-4F2E-B20F-B1ACAB64D157}.Debug|Any CPU.Build.0 = Debug|Any CPU
		{D429D106-7DD0-4F2E-B20F-B1ACAB64D157}.Release|Any CPU.ActiveCfg = Release|Any CPU
		{D429D106-7DD0-4F2E-B20F-B1ACAB64D157}.Release|Any CPU.Build.0 = Release|Any CPU
		{59751838-9841-461F-B951-083346D9C22E}.Debug|Any CPU.ActiveCfg = Debug|Any CPU
		{59751838-9841-461F-B951-083346D9C22E}.Debug|Any CPU.Build.0 = Debug|Any CPU
		{59751838-9841-461F-B951-083346D9C22E}.Debug|Any CPU.Deploy.0 = Debug|Any CPU
		{59751838-9841-461F-B951-083346D9C22E}.Release|Any CPU.ActiveCfg = Release|Any CPU
		{59751838-9841-461F-B951-083346D9C22E}.Release|Any CPU.Build.0 = Release|Any CPU
		{59751838-9841-461F-B951-083346D9C22E}.Release|Any CPU.Deploy.0 = Release|Any CPU
		{EBFF59CC-E8ED-45E8-A639-5D4A3FC86DC9}.Debug|Any CPU.ActiveCfg = Debug|Any CPU
		{EBFF59CC-E8ED-45E8-A639-5D4A3FC86DC9}.Debug|Any CPU.Build.0 = Debug|Any CPU
		{EBFF59CC-E8ED-45E8-A639-5D4A3FC86DC9}.Release|Any CPU.ActiveCfg = Release|Any CPU
		{EBFF59CC-E8ED-45E8-A639-5D4A3FC86DC9}.Release|Any CPU.Build.0 = Release|Any CPU
	EndGlobalSection
	GlobalSection(SolutionProperties) = preSolution
		HideSolutionNode = FALSE
	EndGlobalSection
	GlobalSection(ExtensibilityGlobals) = postSolution
		SolutionGuid = {F1FD119F-7BCF-4397-BA45-4AA7BAF68A6F}
	EndGlobalSection
EndGlobal
