
Microsoft Visual Studio Solution File, Format Version 12.00
# Visual Studio Version 17
VisualStudioVersion = 17.14.36717.8
MinimumVisualStudioVersion = 10.0.40219.1
Project("{FAE04EC0-301F-11D3-BF4B-00C04F79EFBC}") = "Zaczy.SongBook", "Zaczy.SongBook\Zaczy.SongBook.csproj", "{308ABBA4-3110-49F8-B8EA-C4067C47AFC8}"
EndProject
Project("{FAE04EC0-301F-11D3-BF4B-00C04F79EFBC}") = "Zaczy.SongBook.Tests", "Zaczy.SongBook.Tests\Zaczy.SongBook.Tests.csproj", "{2965596C-F2AB-488C-B6F0-1E286843E1E4}"
EndProject
Project("{FAE04EC0-301F-11D3-BF4B-00C04F79EFBC}") = "Zaczy.SongBook.WPF", "Zaczy.SongBook.WPF\Zaczy.SongBook.WPF.csproj", "{D429D106-7DD0-4F2E-B20F-B1ACAB64D157}"
EndProject
Project("{FAE04EC0-301F-11D3-BF4B-00C04F79EFBC}") = "Zaczy.SongBook.MAUI", "Zaczy.SongBook.MAUI\Zaczy.SongBook.MAUI.csproj", "{59751838-9841-461F-B951-083346D9C22E}"
EndProject
Project("{FAE04EC0-301F-11D3-BF4B-00C04F79EFBC}") = "Zaczy.SpotifyBinding", "Zaczy.SpotifyBinding\Zaczy.SpotifyBinding.csproj", "{EBFF59CC-E8ED-45E8-A639-5D4A3FC86DC9}"
EndProject
Project("{C7167F0D-BC9F-4E6E-AFE1-012C56B48DB5}") = "Zaczy.SongBook.Maui.Windows.WAPP", "Zaczy.SongBook.Maui.Windows.WAPP\Zaczy.SongBook.Maui.Windows.WAPP.wapproj", "{AF1B5F90-315A-4D03-B67E-C1177996498D}"
EndProject
Project("{C7167F0D-BC9F-4E6E-AFE1-012C56B48DB5}") = "Zaczy.SongBook.MAUI.Packaging", "Zaczy.SongBook.MAUI.Packaging\Zaczy.SongBook.MAUI.Packaging.wapproj", "{4946F4FA-BDA0-49D9-87E8-B31F64D06D22}"
EndProject
Global
	GlobalSection(SolutionConfigurationPlatforms) = preSolution
		Debug|Any CPU = Debug|Any CPU
		Debug|ARM = Debug|ARM
		Debug|ARM64 = Debug|ARM64
		Debug|x64 = Debug|x64
		Debug|x86 = Debug|x86
		Release|Any CPU = Release|Any CPU
		Release|ARM = Release|ARM
		Release|ARM64 = Release|ARM64
		Release|x64 = Release|x64
		Release|x86 = Release|x86
	EndGlobalSection
	GlobalSection(ProjectConfigurationPlatforms) = postSolution
		{308ABBA4-3110-49F8-B8EA-C4067C47AFC8}.Debug|Any CPU.ActiveCfg = Debug|Any CPU
		{308ABBA4-3110-49F8-B8EA-C4067C47AFC8}.Debug|Any CPU.Build.0 = Debug|Any CPU
		{308ABBA4-3110-49F8-B8EA-C4067C47AFC8}.Debug|ARM.ActiveCfg = Debug|Any CPU
		{308ABBA4-3110-49F8-B8EA-C4067C47AFC8}.Debug|ARM.Build.0 = Debug|Any CPU
		{308ABBA4-3110-49F8-B8EA-C4067C47AFC8}.Debug|ARM64.ActiveCfg = Debug|Any CPU
		{308ABBA4-3110-49F8-B8EA-C4067C47AFC8}.Debug|ARM64.Build.0 = Debug|Any CPU
		{308ABBA4-3110-49F8-B8EA-C4067C47AFC8}.Debug|x64.ActiveCfg = Debug|Any CPU
		{308ABBA4-3110-49F8-B8EA-C4067C47AFC8}.Debug|x64.Build.0 = Debug|Any CPU
		{308ABBA4-3110-49F8-B8EA-C4067C47AFC8}.Debug|x86.ActiveCfg = Debug|Any CPU
		{308ABBA4-3110-49F8-B8EA-C4067C47AFC8}.Debug|x86.Build.0 = Debug|Any CPU
		{308ABBA4-3110-49F8-B8EA-C4067C47AFC8}.Release|Any CPU.ActiveCfg = Release|Any CPU
		{308ABBA4-3110-49F8-B8EA-C4067C47AFC8}.Release|Any CPU.Build.0 = Release|Any CPU
		{308ABBA4-3110-49F8-B8EA-C4067C47AFC8}.Release|ARM.ActiveCfg = Release|Any CPU
		{308ABBA4-3110-49F8-B8EA-C4067C47AFC8}.Release|ARM.Build.0 = Release|Any CPU
		{308ABBA4-3110-49F8-B8EA-C4067C47AFC8}.Release|ARM64.ActiveCfg = Release|Any CPU
		{308ABBA4-3110-49F8-B8EA-C4067C47AFC8}.Release|ARM64.Build.0 = Release|Any CPU
		{308ABBA4-3110-49F8-B8EA-C4067C47AFC8}.Release|x64.ActiveCfg = Release|Any CPU
		{308ABBA4-3110-49F8-B8EA-C4067C47AFC8}.Release|x64.Build.0 = Release|Any CPU
		{308ABBA4-3110-49F8-B8EA-C4067C47AFC8}.Release|x86.ActiveCfg = Release|Any CPU
		{308ABBA4-3110-49F8-B8EA-C4067C47AFC8}.Release|x86.Build.0 = Release|Any CPU
		{2965596C-F2AB-488C-B6F0-1E286843E1E4}.Debug|Any CPU.ActiveCfg = Debug|Any CPU
		{2965596C-F2AB-488C-B6F0-1E286843E1E4}.Debug|Any CPU.Build.0 = Debug|Any CPU
		{2965596C-F2AB-488C-B6F0-1E286843E1E4}.Debug|ARM.ActiveCfg = Debug|Any CPU
		{2965596C-F2AB-488C-B6F0-1E286843E1E4}.Debug|ARM.Build.0 = Debug|Any CPU
		{2965596C-F2AB-488C-B6F0-1E286843E1E4}.Debug|ARM64.ActiveCfg = Debug|Any CPU
		{2965596C-F2AB-488C-B6F0-1E286843E1E4}.Debug|ARM64.Build.0 = Debug|Any CPU
		{2965596C-F2AB-488C-B6F0-1E286843E1E4}.Debug|x64.ActiveCfg = Debug|Any CPU
		{2965596C-F2AB-488C-B6F0-1E286843E1E4}.Debug|x64.Build.0 = Debug|Any CPU
		{2965596C-F2AB-488C-B6F0-1E286843E1E4}.Debug|x86.ActiveCfg = Debug|Any CPU
		{2965596C-F2AB-488C-B6F0-1E286843E1E4}.Debug|x86.Build.0 = Debug|Any CPU
		{2965596C-F2AB-488C-B6F0-1E286843E1E4}.Release|Any CPU.ActiveCfg = Release|Any CPU
		{2965596C-F2AB-488C-B6F0-1E286843E1E4}.Release|Any CPU.Build.0 = Release|Any CPU
		{2965596C-F2AB-488C-B6F0-1E286843E1E4}.Release|ARM.ActiveCfg = Release|Any CPU
		{2965596C-F2AB-488C-B6F0-1E286843E1E4}.Release|ARM.Build.0 = Release|Any CPU
		{2965596C-F2AB-488C-B6F0-1E286843E1E4}.Release|ARM64.ActiveCfg = Release|Any CPU
		{2965596C-F2AB-488C-B6F0-1E286843E1E4}.Release|ARM64.Build.0 = Release|Any CPU
		{2965596C-F2AB-488C-B6F0-1E286843E1E4}.Release|x64.ActiveCfg = Release|Any CPU
		{2965596C-F2AB-488C-B6F0-1E286843E1E4}.Release|x64.Build.0 = Release|Any CPU
		{2965596C-F2AB-488C-B6F0-1E286843E1E4}.Release|x86.ActiveCfg = Release|Any CPU
		{2965596C-F2AB-488C-B6F0-1E286843E1E4}.Release|x86.Build.0 = Release|Any CPU
		{D429D106-7DD0-4F2E-B20F-B1ACAB64D157}.Debug|Any CPU.ActiveCfg = Debug|Any CPU
		{D429D106-7DD0-4F2E-B20F-B1ACAB64D157}.Debug|Any CPU.Build.0 = Debug|Any CPU
		{D429D106-7DD0-4F2E-B20F-B1ACAB64D157}.Debug|ARM.ActiveCfg = Debug|Any CPU
		{D429D106-7DD0-4F2E-B20F-B1ACAB64D157}.Debug|ARM.Build.0 = Debug|Any CPU
		{D429D106-7DD0-4F2E-B20F-B1ACAB64D157}.Debug|ARM64.ActiveCfg = Debug|Any CPU
		{D429D106-7DD0-4F2E-B20F-B1ACAB64D157}.Debug|ARM64.Build.0 = Debug|Any CPU
		{D429D106-7DD0-4F2E-B20F-B1ACAB64D157}.Debug|x64.ActiveCfg = Debug|Any CPU
		{D429D106-7DD0-4F2E-B20F-B1ACAB64D157}.Debug|x64.Build.0 = Debug|Any CPU
		{D429D106-7DD0-4F2E-B20F-B1ACAB64D157}.Debug|x86.ActiveCfg = Debug|Any CPU
		{D429D106-7DD0-4F2E-B20F-B1ACAB64D157}.Debug|x86.Build.0 = Debug|Any CPU
		{D429D106-7DD0-4F2E-B20F-B1ACAB64D157}.Release|Any CPU.ActiveCfg = Release|Any CPU
		{D429D106-7DD0-4F2E-B20F-B1ACAB64D157}.Release|Any CPU.Build.0 = Release|Any CPU
		{D429D106-7DD0-4F2E-B20F-B1ACAB64D157}.Release|ARM.ActiveCfg = Release|Any CPU
		{D429D106-7DD0-4F2E-B20F-B1ACAB64D157}.Release|ARM.Build.0 = Release|Any CPU
		{D429D106-7DD0-4F2E-B20F-B1ACAB64D157}.Release|ARM64.ActiveCfg = Release|Any CPU
		{D429D106-7DD0-4F2E-B20F-B1ACAB64D157}.Release|ARM64.Build.0 = Release|Any CPU
		{D429D106-7DD0-4F2E-B20F-B1ACAB64D157}.Release|x64.ActiveCfg = Release|Any CPU
		{D429D106-7DD0-4F2E-B20F-B1ACAB64D157}.Release|x64.Build.0 = Release|Any CPU
		{D429D106-7DD0-4F2E-B20F-B1ACAB64D157}.Release|x86.ActiveCfg = Release|Any CPU
		{D429D106-7DD0-4F2E-B20F-B1ACAB64D157}.Release|x86.Build.0 = Release|Any CPU
		{59751838-9841-461F-B951-083346D9C22E}.Debug|Any CPU.ActiveCfg = Debug|Any CPU
		{59751838-9841-461F-B951-083346D9C22E}.Debug|Any CPU.Build.0 = Debug|Any CPU
		{59751838-9841-461F-B951-083346D9C22E}.Debug|Any CPU.Deploy.0 = Debug|Any CPU
		{59751838-9841-461F-B951-083346D9C22E}.Debug|ARM.ActiveCfg = Debug|Any CPU
		{59751838-9841-461F-B951-083346D9C22E}.Debug|ARM.Build.0 = Debug|Any CPU
		{59751838-9841-461F-B951-083346D9C22E}.Debug|ARM.Deploy.0 = Debug|Any CPU
		{59751838-9841-461F-B951-083346D9C22E}.Debug|ARM64.ActiveCfg = Debug|Any CPU
		{59751838-9841-461F-B951-083346D9C22E}.Debug|ARM64.Build.0 = Debug|Any CPU
		{59751838-9841-461F-B951-083346D9C22E}.Debug|ARM64.Deploy.0 = Debug|Any CPU
		{59751838-9841-461F-B951-083346D9C22E}.Debug|x64.ActiveCfg = Debug|Any CPU
		{59751838-9841-461F-B951-083346D9C22E}.Debug|x64.Build.0 = Debug|Any CPU
		{59751838-9841-461F-B951-083346D9C22E}.Debug|x64.Deploy.0 = Debug|Any CPU
		{59751838-9841-461F-B951-083346D9C22E}.Debug|x86.ActiveCfg = Debug|Any CPU
		{59751838-9841-461F-B951-083346D9C22E}.Debug|x86.Build.0 = Debug|Any CPU
		{59751838-9841-461F-B951-083346D9C22E}.Debug|x86.Deploy.0 = Debug|Any CPU
		{59751838-9841-461F-B951-083346D9C22E}.Release|Any CPU.ActiveCfg = Release|Any CPU
		{59751838-9841-461F-B951-083346D9C22E}.Release|Any CPU.Build.0 = Release|Any CPU
		{59751838-9841-461F-B951-083346D9C22E}.Release|Any CPU.Deploy.0 = Release|Any CPU
		{59751838-9841-461F-B951-083346D9C22E}.Release|ARM.ActiveCfg = Release|Any CPU
		{59751838-9841-461F-B951-083346D9C22E}.Release|ARM.Build.0 = Release|Any CPU
		{59751838-9841-461F-B951-083346D9C22E}.Release|ARM.Deploy.0 = Release|Any CPU
		{59751838-9841-461F-B951-083346D9C22E}.Release|ARM64.ActiveCfg = Release|Any CPU
		{59751838-9841-461F-B951-083346D9C22E}.Release|ARM64.Build.0 = Release|Any CPU
		{59751838-9841-461F-B951-083346D9C22E}.Release|ARM64.Deploy.0 = Release|Any CPU
		{59751838-9841-461F-B951-083346D9C22E}.Release|x64.ActiveCfg = Release|Any CPU
		{59751838-9841-461F-B951-083346D9C22E}.Release|x64.Build.0 = Release|Any CPU
		{59751838-9841-461F-B951-083346D9C22E}.Release|x64.Deploy.0 = Release|Any CPU
		{59751838-9841-461F-B951-083346D9C22E}.Release|x86.ActiveCfg = Release|Any CPU
		{59751838-9841-461F-B951-083346D9C22E}.Release|x86.Build.0 = Release|Any CPU
		{59751838-9841-461F-B951-083346D9C22E}.Release|x86.Deploy.0 = Release|Any CPU
		{EBFF59CC-E8ED-45E8-A639-5D4A3FC86DC9}.Debug|Any CPU.ActiveCfg = Debug|Any CPU
		{EBFF59CC-E8ED-45E8-A639-5D4A3FC86DC9}.Debug|Any CPU.Build.0 = Debug|Any CPU
		{EBFF59CC-E8ED-45E8-A639-5D4A3FC86DC9}.Debug|ARM.ActiveCfg = Debug|Any CPU
		{EBFF59CC-E8ED-45E8-A639-5D4A3FC86DC9}.Debug|ARM64.ActiveCfg = Debug|Any CPU
		{EBFF59CC-E8ED-45E8-A639-5D4A3FC86DC9}.Debug|x64.ActiveCfg = Debug|Any CPU
		{EBFF59CC-E8ED-45E8-A639-5D4A3FC86DC9}.Debug|x86.ActiveCfg = Debug|Any CPU
		{EBFF59CC-E8ED-45E8-A639-5D4A3FC86DC9}.Release|Any CPU.ActiveCfg = Release|Any CPU
		{EBFF59CC-E8ED-45E8-A639-5D4A3FC86DC9}.Release|Any CPU.Build.0 = Release|Any CPU
		{EBFF59CC-E8ED-45E8-A639-5D4A3FC86DC9}.Release|ARM.ActiveCfg = Release|Any CPU
		{EBFF59CC-E8ED-45E8-A639-5D4A3FC86DC9}.Release|ARM64.ActiveCfg = Release|Any CPU
		{EBFF59CC-E8ED-45E8-A639-5D4A3FC86DC9}.Release|x64.ActiveCfg = Release|Any CPU
		{EBFF59CC-E8ED-45E8-A639-5D4A3FC86DC9}.Release|x86.ActiveCfg = Release|Any CPU
		{AF1B5F90-315A-4D03-B67E-C1177996498D}.Debug|Any CPU.ActiveCfg = Debug|Any CPU
		{AF1B5F90-315A-4D03-B67E-C1177996498D}.Debug|Any CPU.Build.0 = Debug|Any CPU
		{AF1B5F90-315A-4D03-B67E-C1177996498D}.Debug|Any CPU.Deploy.0 = Debug|Any CPU
		{AF1B5F90-315A-4D03-B67E-C1177996498D}.Debug|ARM.ActiveCfg = Debug|ARM
		{AF1B5F90-315A-4D03-B67E-C1177996498D}.Debug|ARM.Build.0 = Debug|ARM
		{AF1B5F90-315A-4D03-B67E-C1177996498D}.Debug|ARM.Deploy.0 = Debug|ARM
		{AF1B5F90-315A-4D03-B67E-C1177996498D}.Debug|ARM64.ActiveCfg = Debug|ARM64
		{AF1B5F90-315A-4D03-B67E-C1177996498D}.Debug|ARM64.Build.0 = Debug|ARM64
		{AF1B5F90-315A-4D03-B67E-C1177996498D}.Debug|ARM64.Deploy.0 = Debug|ARM64
		{AF1B5F90-315A-4D03-B67E-C1177996498D}.Debug|x64.ActiveCfg = Debug|x64
		{AF1B5F90-315A-4D03-B67E-C1177996498D}.Debug|x64.Build.0 = Debug|x64
		{AF1B5F90-315A-4D03-B67E-C1177996498D}.Debug|x64.Deploy.0 = Debug|x64
		{AF1B5F90-315A-4D03-B67E-C1177996498D}.Debug|x86.ActiveCfg = Debug|x86
		{AF1B5F90-315A-4D03-B67E-C1177996498D}.Debug|x86.Build.0 = Debug|x86
		{AF1B5F90-315A-4D03-B67E-C1177996498D}.Debug|x86.Deploy.0 = Debug|x86
		{AF1B5F90-315A-4D03-B67E-C1177996498D}.Release|Any CPU.ActiveCfg = Release|Any CPU
		{AF1B5F90-315A-4D03-B67E-C1177996498D}.Release|Any CPU.Build.0 = Release|Any CPU
		{AF1B5F90-315A-4D03-B67E-C1177996498D}.Release|Any CPU.Deploy.0 = Release|Any CPU
		{AF1B5F90-315A-4D03-B67E-C1177996498D}.Release|ARM.ActiveCfg = Release|ARM
		{AF1B5F90-315A-4D03-B67E-C1177996498D}.Release|ARM.Build.0 = Release|ARM
		{AF1B5F90-315A-4D03-B67E-C1177996498D}.Release|ARM.Deploy.0 = Release|ARM
		{AF1B5F90-315A-4D03-B67E-C1177996498D}.Release|ARM64.ActiveCfg = Release|ARM64
		{AF1B5F90-315A-4D03-B67E-C1177996498D}.Release|ARM64.Build.0 = Release|ARM64
		{AF1B5F90-315A-4D03-B67E-C1177996498D}.Release|ARM64.Deploy.0 = Release|ARM64
		{AF1B5F90-315A-4D03-B67E-C1177996498D}.Release|x64.ActiveCfg = Release|x64
		{AF1B5F90-315A-4D03-B67E-C1177996498D}.Release|x64.Build.0 = Release|x64
		{AF1B5F90-315A-4D03-B67E-C1177996498D}.Release|x64.Deploy.0 = Release|x64
		{AF1B5F90-315A-4D03-B67E-C1177996498D}.Release|x86.ActiveCfg = Release|x86
		{AF1B5F90-315A-4D03-B67E-C1177996498D}.Release|x86.Build.0 = Release|x86
		{AF1B5F90-315A-4D03-B67E-C1177996498D}.Release|x86.Deploy.0 = Release|x86
		{4946F4FA-BDA0-49D9-87E8-B31F64D06D22}.Debug|Any CPU.ActiveCfg = Debug|Any CPU
		{4946F4FA-BDA0-49D9-87E8-B31F64D06D22}.Debug|Any CPU.Build.0 = Debug|Any CPU
		{4946F4FA-BDA0-49D9-87E8-B31F64D06D22}.Debug|Any CPU.Deploy.0 = Debug|Any CPU
		{4946F4FA-BDA0-49D9-87E8-B31F64D06D22}.Debug|ARM.ActiveCfg = Debug|ARM
		{4946F4FA-BDA0-49D9-87E8-B31F64D06D22}.Debug|ARM.Build.0 = Debug|ARM
		{4946F4FA-BDA0-49D9-87E8-B31F64D06D22}.Debug|ARM.Deploy.0 = Debug|ARM
		{4946F4FA-BDA0-49D9-87E8-B31F64D06D22}.Debug|ARM64.ActiveCfg = Debug|ARM64
		{4946F4FA-BDA0-49D9-87E8-B31F64D06D22}.Debug|ARM64.Build.0 = Debug|ARM64
		{4946F4FA-BDA0-49D9-87E8-B31F64D06D22}.Debug|ARM64.Deploy.0 = Debug|ARM64
		{4946F4FA-BDA0-49D9-87E8-B31F64D06D22}.Debug|x64.ActiveCfg = Debug|x64
		{4946F4FA-BDA0-49D9-87E8-B31F64D06D22}.Debug|x64.Build.0 = Debug|x64
		{4946F4FA-BDA0-49D9-87E8-B31F64D06D22}.Debug|x64.Deploy.0 = Debug|x64
		{4946F4FA-BDA0-49D9-87E8-B31F64D06D22}.Debug|x86.ActiveCfg = Debug|x86
		{4946F4FA-BDA0-49D9-87E8-B31F64D06D22}.Debug|x86.Build.0 = Debug|x86
		{4946F4FA-BDA0-49D9-87E8-B31F64D06D22}.Debug|x86.Deploy.0 = Debug|x86
		{4946F4FA-BDA0-49D9-87E8-B31F64D06D22}.Release|Any CPU.ActiveCfg = Release|Any CPU
		{4946F4FA-BDA0-49D9-87E8-B31F64D06D22}.Release|Any CPU.Build.0 = Release|Any CPU
		{4946F4FA-BDA0-49D9-87E8-B31F64D06D22}.Release|Any CPU.Deploy.0 = Release|Any CPU
		{4946F4FA-BDA0-49D9-87E8-B31F64D06D22}.Release|ARM.ActiveCfg = Release|ARM
		{4946F4FA-BDA0-49D9-87E8-B31F64D06D22}.Release|ARM.Build.0 = Release|ARM
		{4946F4FA-BDA0-49D9-87E8-B31F64D06D22}.Release|ARM.Deploy.0 = Release|ARM
		{4946F4FA-BDA0-49D9-87E8-B31F64D06D22}.Release|ARM64.ActiveCfg = Release|ARM64
		{4946F4FA-BDA0-49D9-87E8-B31F64D06D22}.Release|ARM64.Build.0 = Release|ARM64
		{4946F4FA-BDA0-49D9-87E8-B31F64D06D22}.Release|ARM64.Deploy.0 = Release|ARM64
		{4946F4FA-BDA0-49D9-87E8-B31F64D06D22}.Release|x64.ActiveCfg = Release|x64
		{4946F4FA-BDA0-49D9-87E8-B31F64D06D22}.Release|x64.Build.0 = Release|x64
		{4946F4FA-BDA0-49D9-87E8-B31F64D06D22}.Release|x64.Deploy.0 = Release|x64
		{4946F4FA-BDA0-49D9-87E8-B31F64D06D22}.Release|x86.ActiveCfg = Release|x86
		{4946F4FA-BDA0-49D9-87E8-B31F64D06D22}.Release|x86.Build.0 = Release|x86
		{4946F4FA-BDA0-49D9-87E8-B31F64D06D22}.Release|x86.Deploy.0 = Release|x86
	EndGlobalSection
	GlobalSection(SolutionProperties) = preSolution
		HideSolutionNode = FALSE
	EndGlobalSection
	GlobalSection(ExtensibilityGlobals) = postSolution
		SolutionGuid = {F1FD119F-7BCF-4397-BA45-4AA7BAF68A6F}
	EndGlobalSection
EndGlobal
